
Microsoft Visual Studio Solution File, Format Version 12.00
# Visual Studio Version 16
VisualStudioVersion = 16.0.30011.22
MinimumVisualStudioVersion = 10.0.40219.1
Project("{FAE04EC0-301F-11D3-BF4B-00C04F79EFBC}") = "MvcMovie", "MvcMovie.csproj", "{22B29E2B-6F1A-4888-BD5A-26AD3DB749DE}"
EndProject
Global
	GlobalSection(SolutionConfigurationPlatforms) = preSolution
		Debug|Any CPU = Debug|Any CPU
		Release|Any CPU = Release|Any CPU
	EndGlobalSection
	GlobalSection(ProjectConfigurationPlatforms) = postSolution
		{22B29E2B-6F1A-4888-BD5A-26AD3DB749DE}.Debug|Any CPU.ActiveCfg = Debug|Any CPU
		{22B29E2B-6F1A-4888-BD5A-26AD3DB749DE}.Debug|Any CPU.Build.0 = Debug|Any CPU
		{22B29E2B-6F1A-4888-BD5A-26AD3DB749DE}.Release|Any CPU.ActiveCfg = Release|Any CPU
		{22B29E2B-6F1A-4888-BD5A-26AD3DB749DE}.Release|Any CPU.Build.0 = Release|Any CPU
	EndGlobalSection
	GlobalSection(SolutionProperties) = preSolution
		HideSolutionNode = FALSE
	EndGlobalSection
	GlobalSection(ExtensibilityGlobals) = postSolution
		SolutionGuid = {6463882D-607D-400B-B7AB-78E34B117550}
	EndGlobalSection
EndGlobal
